<?xml version="1.0" encoding="utf-8"?>
<Project ToolsVersion="4.0" xmlns="http://schemas.microsoft.com/developer/msbuild/2003">
  <ItemGroup>
    <Filter Include="Source Files">
      <UniqueIdentifier>{6db246e2-200a-4165-aa22-c0c3744e0290}</UniqueIdentifier>
      <Extensions>cpp;c;cxx;rc;def;r;odl;idl;hpj;bat</Extensions>
    </Filter>
    <Filter Include="Header Files">
      <UniqueIdentifier>{0a6c42d0-203f-4083-a49d-d3a2d75285a6}</UniqueIdentifier>
      <Extensions>h;hpp;hxx;hm;inl</Extensions>
    </Filter>
    <Filter Include="Resource Files">
      <UniqueIdentifier>{73f827d8-864a-40c7-a153-2ca123b92d92}</UniqueIdentifier>
      <Extensions>ico;cur;bmp;dlg;rc2;rct;bin;rgs;gif;jpg;jpeg;jpe</Extensions>
    </Filter>
  </ItemGroup>
  <ItemGroup>
    <ClCompile Include="StdAfx.cpp">
      <Filter>Source Files</Filter>
    </ClCompile>
    <ClCompile Include="SystemTraySDK.cpp">
      <Filter>Source Files</Filter>
    </ClCompile>
    <ClCompile Include="RedShell.cpp">
      <Filter>Source Files</Filter>
    </ClCompile>
    <ClCompile Include="CommandConfig.cpp">
      <Filter>Source Files</Filter>
    </ClCompile>
    <ClCompile Include="NetworkConfig.cpp">
      <Filter>Source Files</Filter>
    </ClCompile>
  </ItemGroup>
  <ItemGroup>
    <ClInclude Include="resource.h">
      <Filter>Header Files</Filter>
    </ClInclude>
    <ClInclude Include="StdAfx.h">
      <Filter>Header Files</Filter>
    </ClInclude>
    <ClInclude Include="SystemTraySDK.h">
      <Filter>Header Files</Filter>
    </ClInclude>
    <ClInclude Include="..\..\..\Program Files\ZeroMQ 4.0.4\include\zmq.h">
      <Filter>Header Files</Filter>
    </ClInclude>
    <ClInclude Include="..\..\..\Program Files\ZeroMQ 4.0.4\include\zmq_utils.h">
      <Filter>Header Files</Filter>
    </ClInclude>
    <ClInclude Include="RedShell.h">
      <Filter>Header Files</Filter>
    </ClInclude>
    <ClInclude Include="CommandConfig.h">
      <Filter>Header Files</Filter>
    </ClInclude>
    <ClInclude Include="NetworkConfig.h">
      <Filter>Header Files</Filter>
    </ClInclude>
  </ItemGroup>
  <ItemGroup>
    <Image Include="redshell.ico">
      <Filter>Resource Files</Filter>
    </Image>
  </ItemGroup>
  <ItemGroup>
    <ResourceCompile Include="Taskbar.rc">
      <Filter>Resource Files</Filter>
    </ResourceCompile>
  </ItemGroup>
  <ItemGroup>
    <None Include="commands.ini">
      <Filter>Resource Files</Filter>
    </None>
    <None Include="network.ini">
      <Filter>Resource Files</Filter>
    </None>
  </ItemGroup>
</Project>